github.com/duan-elasticsearch/duan_elasticsearch_query/v7 v7.5.1-0.20200311073057-ae7c9fcb0b51 h1:HfWKfigfFklu52PvD10Vu2HUsAZsEomJEMb0ElT2H64=
github.com/duan-elasticsearch/duan_elasticsearch_query/v7 v7.5.1-0.20200311073057-ae7c9fcb0b51/go.mod h1:pt7XvGyoHrZN+jrnVkie/8ZZvaq45Y3TwkK9oF8e6to=
github.com/duan-elasticsearch/duan_elasticsearch_query/v7 v7.5.1-0.20200311100236-3314b60b7156 h1:5/p6wj6SqhAtd0dQ/+mZjRXQqx5Ict5aRjdDwsyQCdg=
github.com/duan-elasticsearch/duan_elasticsearch_query/v7 v7.5.1-0.20200311100236-3314b60b7156/go.mod h1:pt7XvGyoHrZN+jrnVkie/8ZZvaq45Y3TwkK9oF8e6to=
github.com/duan-elasticsearch/duan_elasticsearch_query/v7 v7.5.1-0.20200312070940-089830f407b9 h1:scP4dSGeFoA1pGyu2TLKhWwBVm09pi934vbmiHU2uZA=
github.com/duan-elasticsearch/duan_elasticsearch_query/v7 v7.5.1-0.20200312070940-089830f407b9/go.mod h1:pt7XvGyoHrZN+jrnVkie/8ZZvaq45Y3TwkK9oF8e6to=
github.com/duan-elasticsearch/duan_elasticsearch_query/v7 v7.5.1-0.20200313075508-5890fd1b6021 h1:oTFLeI8EhdfU78M3VulcH2AR/PZSZkb5fo1Zh+c1g7o=
github.com/duan-elasticsearch/duan_elasticsearch_query/v7 v7.5.1-0.20200313075508-5890fd1b6021/go.mod h1:pt7XvGyoHrZN+jrnVkie/8ZZvaq45Y3TwkK9oF8e6to=
github.com/duan-elasticsearch/duan_elasticsearch_query/v7 v7.5.1-0.20200313080042-ac8ceb014362 h1:08YIK0Eljzhf653cRG/Pw2azBHyJLZJ5IKzAnq4Mn9o=
github.com/duan-elasticsearch/duan_elasticsearch_query/v7 v7.5.1-0.20200313080042-ac8ceb014362/go.mod h1:pt7XvGyoHrZN+jrnVkie/8ZZvaq45Y3TwkK9oF8e6to=
github.com/duan-elasticsearch/duan_elasticsearch_query/v7 v7.5.1-0.20200316064124-570f8d4de73b h1:4TzcZ7PUywweYSqViDKuH9WLxVhguwn/TyClqxNN5Wk=
github.com/duan-elasticsearch/duan_elasticsearch_query/v7 v7.5.1-0.20200316064124-570f8d4de73b/go.mod h1:pt7XvGyoHrZN+jrnVkie/8ZZvaq45Y3TwkK9oF8e6to=
github.com/duan-elasticsearch/duan_elasticsearch_query/v7 v7.5.1-0.20200915080434-5ca35ccdcf07 h1:dSBGL8y+muIbn0fE2ZhfJRJuazEe4KY1QbSstBUBbPc=
github.com/duan-elasticsearch/duan_elasticsearch_query/v7 v7.5.1-0.20200915080434-5ca35ccdcf07/go.mod h1:pt7XvGyoHrZN+jrnVkie/8ZZvaq45Y3TwkK9oF8e6to=
github.com/elastic/go-elasticsearch/v7 v7.5.0 h1:kXW+EKls2BwsyQujTmVrxANb3U0qoz9wEq8Zkf/JEco=
github.com/elastic/go-elasticsearch/v7 v7.5.0/go.mod h1:OJ4wdbtDNk5g503kvlHLyErCgQwwzmDtaFC4XyOxXA4=
