github.com/duan-elasticsearch/duan_elasticsearch_query/v7 v7.5.1-0.20200311073057-ae7c9fcb0b51 h1:HfWKfigfFklu52PvD10Vu2HUsAZsEomJEMb0ElT2H64=
github.com/duan-elasticsearch/duan_elasticsearch_query/v7 v7.5.1-0.20200311073057-ae7c9fcb0b51/go.mod h1:pt7XvGyoHrZN+jrnVkie/8ZZvaq45Y3TwkK9oF8e6to=
github.com/elastic/go-elasticsearch/v7 v7.5.0 h1:kXW+EKls2BwsyQujTmVrxANb3U0qoz9wEq8Zkf/JEco=
github.com/elastic/go-elasticsearch/v7 v7.5.0/go.mod h1:OJ4wdbtDNk5g503kvlHLyErCgQwwzmDtaFC4XyOxXA4=
