github.com/duan-elasticsearch/duan_elasticsearch_query/v5 v5.0.0-20190927084323-5f9887c07be6 h1:SStky1f6srCwmQSoVvOAC0I7VqfRuvGQ8ciuXxrLLnU=
github.com/duan-elasticsearch/duan_elasticsearch_query/v5 v5.0.0-20190927084323-5f9887c07be6/go.mod h1:T1LDXOA8iz/XtBID1mBouVexWx1ImA+ZLnIW7+Kw1XE=
github.com/duan-elasticsearch/duan_elasticsearch_query/v5 v5.0.0-20190928023105-3d819836642a h1:rZ27CM6axoyz9y6/m/eATXSWQj5wGlrvK13BjieaTAY=
github.com/duan-elasticsearch/duan_elasticsearch_query/v5 v5.0.0-20190928023105-3d819836642a/go.mod h1:T1LDXOA8iz/XtBID1mBouVexWx1ImA+ZLnIW7+Kw1XE=
github.com/duan-elasticsearch/duan_elasticsearch_query/v5 v5.0.0-20190928035311-133dafbca9b3 h1:eIjUGuF01VPGMpS+0yWfxsvZmxLWJre20T0YHAUyVEc=
github.com/duan-elasticsearch/duan_elasticsearch_query/v5 v5.0.0-20190928035311-133dafbca9b3/go.mod h1:dZpPHpHRhGOQvZuuCdvTpY3OsJitJvf9+3ZPcrxrwd4=
github.com/elastic/go-elasticsearch/v5 v5.6.2-0.20190910075047-210565277d02 h1:hVO9xKk016AcOQIMFl0WCi+mDmM3fOCwuPblVqsz3HQ=
github.com/elastic/go-elasticsearch/v5 v5.6.2-0.20190910075047-210565277d02/go.mod h1:r7uV7HidpfkYh7D8SB4lkS13TNlNy3oa5GNmTZvuVqY=
github.com/goinggo/mapstructure v0.0.0-20140717182941-194205d9b4a9 h1:wqckanyE9qc/XnvnybC6SHOb8Nyd62QXAZOzA8twFig=
github.com/goinggo/mapstructure v0.0.0-20140717182941-194205d9b4a9/go.mod h1:64ikIrMv84B+raz7akXOqbF7cK3/OQQ/6cClY10oy7A=
github.com/mitchellh/mapstructure v1.1.2/go.mod h1:FVVH3fgwuzCH5S8UJGiWEs2h04kUh9fWfEaFds41c1Y=
